{
  "name": "use-live-state",
  "version": "0.0.1",
  "lockfileVersion": 2,
  "requires": true,
  "packages": {
    "": {
      "name": "use-live-state",
      "version": "0.0.1",
      "license": "ISC",
      "dependencies": {
        "phx-live-state": "file:../phx-live-state"
      },
      "devDependencies": {
        "react": "file:../testbed/assets/node_modules/react",
        "typescript": "^4.8.4"
      },
      "peerDependencies": {
        "react": ">= 16.8.0"
      }
    },
    "../phx-live-state": {
      "version": "0.8.0",
      "license": "MIT",
      "dependencies": {
        "json-joy": "^1.18.1",
        "lit": "^2.2.6",
        "phoenix": "1.6.14",
        "reflect-metadata": "^0.1.13",
        "wc-context": "launchscout/wc-context"
      },
      "devDependencies": {
        "@esm-bundle/chai": "^4.3.4-fix.0",
        "@open-wc/testing": "^3.1.6",
        "@types/sinon-chai": "^3.2.8",
        "@web/test-runner": "^0.13.31",
        "@web/test-runner-puppeteer": "^0.10.5",
        "fast-json-patch": "^3.1.1",
        "quibble": "^0.6.12",
        "sinon": "^14.0.0",
        "sinon-chai": "^3.7.0",
        "testdouble": "^3.16.6",
        "typescript": "^4.2.2"
      }
    },
    "../testbed/assets/node_modules/react": {
      "version": "18.2.0",
      "dev": true,
      "license": "MIT",
      "dependencies": {
        "loose-envify": "^1.1.0"
      },
      "engines": {
        "node": ">=0.10.0"
      }
    },
    "node_modules/phx-live-state": {
      "resolved": "../phx-live-state",
      "link": true
    },
    "node_modules/react": {
      "resolved": "../testbed/assets/node_modules/react",
      "link": true
    },
    "node_modules/typescript": {
      "version": "4.8.4",
      "resolved": "https://registry.npmjs.org/typescript/-/typescript-4.8.4.tgz",
      "integrity": "sha512-QCh+85mCy+h0IGff8r5XWzOVSbBO+KfeYrMQh7NJ58QujwcE22u+NUSmUxqF+un70P9GXKxa2HCNiTTMJknyjQ==",
      "dev": true,
      "bin": {
        "tsc": "bin/tsc",
        "tsserver": "bin/tsserver"
      },
      "engines": {
        "node": ">=4.2.0"
      }
    }
  },
  "dependencies": {
    "phx-live-state": {
      "version": "file:../phx-live-state",
      "requires": {
        "@esm-bundle/chai": "^4.3.4-fix.0",
        "@open-wc/testing": "^3.1.6",
        "@types/sinon-chai": "^3.2.8",
        "@web/test-runner": "^0.13.31",
        "@web/test-runner-puppeteer": "^0.10.5",
        "fast-json-patch": "^3.1.1",
        "json-joy": "^1.18.1",
        "lit": "^2.2.6",
        "phoenix": "1.6.14",
        "quibble": "^0.6.12",
        "reflect-metadata": "^0.1.13",
        "sinon": "^14.0.0",
        "sinon-chai": "^3.7.0",
        "testdouble": "^3.16.6",
        "typescript": "^4.2.2",
        "wc-context": "launchscout/wc-context"
      }
    },
    "react": {
      "version": "file:../testbed/assets/node_modules/react",
      "requires": {
        "loose-envify": "^1.1.0"
      }
    },
    "typescript": {
      "version": "4.8.4",
      "resolved": "https://registry.npmjs.org/typescript/-/typescript-4.8.4.tgz",
      "integrity": "sha512-QCh+85mCy+h0IGff8r5XWzOVSbBO+KfeYrMQh7NJ58QujwcE22u+NUSmUxqF+un70P9GXKxa2HCNiTTMJknyjQ==",
      "dev": true
    }
  }
}
