{
  "name": "use-live-state",
  "version": "0.0.1",
  "lockfileVersion": 2,
  "requires": true,
  "packages": {
    "": {
      "name": "use-live-state",
      "version": "0.0.1",
      "license": "ISC",
      "dependencies": {
        "phx-live-state": ">= 0.8.0"
      },
      "devDependencies": {
        "react": "file:../testbed/assets/node_modules/react",
        "typescript": "^4.8.4"
      },
      "peerDependencies": {
        "react": ">= 16.8.0"
      }
    },
    "../phx-live-state": {
      "version": "0.8.0",
      "extraneous": true,
      "license": "MIT",
      "dependencies": {
        "json-joy": "^1.18.1",
        "lit": "^2.2.6",
        "phoenix": "1.6.14",
        "reflect-metadata": "^0.1.13",
        "wc-context": "launchscout/wc-context"
      },
      "devDependencies": {
        "@esm-bundle/chai": "^4.3.4-fix.0",
        "@open-wc/testing": "^3.1.6",
        "@types/sinon-chai": "^3.2.8",
        "@web/test-runner": "^0.13.31",
        "@web/test-runner-puppeteer": "^0.10.5",
        "fast-json-patch": "^3.1.1",
        "quibble": "^0.6.12",
        "sinon": "^14.0.0",
        "sinon-chai": "^3.7.0",
        "testdouble": "^3.16.6",
        "typescript": "^4.2.2"
      }
    },
    "../testbed/assets/node_modules/react": {
      "version": "18.2.0",
      "dev": true,
      "license": "MIT",
      "dependencies": {
        "loose-envify": "^1.1.0"
      },
      "engines": {
        "node": ">=0.10.0"
      }
    },
    "node_modules/@lit/reactive-element": {
      "version": "1.4.2",
      "resolved": "https://registry.npmjs.org/@lit/reactive-element/-/reactive-element-1.4.2.tgz",
      "integrity": "sha512-VMOxsWh/QDwrxPsgkSQnuZ+8mfNy1OTjzzUdLBvvZtpahwPTHTeVZ51RZRqO4xfKVrR+btIPA8D01IL3xeG66w=="
    },
    "node_modules/@types/trusted-types": {
      "version": "2.0.2",
      "resolved": "https://registry.npmjs.org/@types/trusted-types/-/trusted-types-2.0.2.tgz",
      "integrity": "sha512-F5DIZ36YVLE+PN+Zwws4kJogq47hNgX3Nx6WyDJ3kcplxyke3XIzB8uK5n/Lpm1HBsbGzd6nmGehL8cPekP+Tg=="
    },
    "node_modules/arg": {
      "version": "5.0.2",
      "resolved": "https://registry.npmjs.org/arg/-/arg-5.0.2.tgz",
      "integrity": "sha512-PYjyFOLKQ9y57JvQ6QLo8dAgNqswh8M1RMJYdQduT6xbWSgK36P/Z/v+p888pM69jMMfS8Xd8F6I1kQ/I9HUGg=="
    },
    "node_modules/fast-diff": {
      "version": "1.2.0",
      "resolved": "https://registry.npmjs.org/fast-diff/-/fast-diff-1.2.0.tgz",
      "integrity": "sha512-xJuoT5+L99XlZ8twedaRf6Ax2TgQVxvgZOYoPKqZufmJib0tL2tegPBOZb1pVNgIhlqDlA0eO0c3wBvQcmzx4w==",
      "peer": true
    },
    "node_modules/hyperdyperid": {
      "version": "1.2.0",
      "resolved": "https://registry.npmjs.org/hyperdyperid/-/hyperdyperid-1.2.0.tgz",
      "integrity": "sha512-Y93lCzHYgGWdrJ66yIktxiaGULYc6oGiABxhcO5AufBeOyoIdZF7bIfLaOrbM0iGIOXQQgxxRrFEnb+Y6w1n4A==",
      "engines": {
        "node": ">=10.18"
      }
    },
    "node_modules/json-joy": {
      "version": "1.18.1",
      "resolved": "https://registry.npmjs.org/json-joy/-/json-joy-1.18.1.tgz",
      "integrity": "sha512-j6M1VpnR/z5qAIc2DvBlxyOsE26Yzr7bedgrYFITW+O1U2DqJuACOPhrN86+hdq7hZ+Sah3pAvMzDiecwfrJ8w==",
      "dependencies": {
        "arg": "^5.0.2",
        "hyperdyperid": "^1.2.0"
      },
      "bin": {
        "json-pack": "bin/json-pack.js",
        "json-pack-test": "bin/json-pack-test.js",
        "json-patch": "bin/json-patch.js",
        "json-patch-test": "bin/json-patch-test.js",
        "json-pointer": "bin/json-pointer.js",
        "json-pointer-test": "bin/json-pointer-test.js",
        "json-unpack": "bin/json-unpack.js"
      },
      "engines": {
        "node": ">=10.0"
      },
      "peerDependencies": {
        "quill-delta": "^5",
        "rxjs": "7",
        "tslib": "2"
      }
    },
    "node_modules/lit": {
      "version": "2.4.1",
      "resolved": "https://registry.npmjs.org/lit/-/lit-2.4.1.tgz",
      "integrity": "sha512-qohSgLiyN1cFnJG26dIiY03S4F49857A0AHQfnS0zYtnUVnD2MFvx+UT52rtXsIuNFQrnUupX+zyGSATlk1f/A==",
      "dependencies": {
        "@lit/reactive-element": "^1.4.0",
        "lit-element": "^3.2.0",
        "lit-html": "^2.4.0"
      }
    },
    "node_modules/lit-element": {
      "version": "3.2.2",
      "resolved": "https://registry.npmjs.org/lit-element/-/lit-element-3.2.2.tgz",
      "integrity": "sha512-6ZgxBR9KNroqKb6+htkyBwD90XGRiqKDHVrW/Eh0EZ+l+iC+u+v+w3/BA5NGi4nizAVHGYvQBHUDuSmLjPp7NQ==",
      "dependencies": {
        "@lit/reactive-element": "^1.3.0",
        "lit-html": "^2.2.0"
      }
    },
    "node_modules/lit-html": {
      "version": "2.4.0",
      "resolved": "https://registry.npmjs.org/lit-html/-/lit-html-2.4.0.tgz",
      "integrity": "sha512-G6qXu4JNUpY6aaF2VMfaszhO9hlWw0hOTRFDmuMheg/nDYGB+2RztUSOyrzALAbr8Nh0Y7qjhYkReh3rPnplVg==",
      "dependencies": {
        "@types/trusted-types": "^2.0.2"
      }
    },
    "node_modules/lodash.clonedeep": {
      "version": "4.5.0",
      "resolved": "https://registry.npmjs.org/lodash.clonedeep/-/lodash.clonedeep-4.5.0.tgz",
      "integrity": "sha512-H5ZhCF25riFd9uB5UCkVKo61m3S/xZk1x4wA6yp/L3RFP6Z/eHH1ymQcGLo7J3GMPfm0V/7m1tryHuGVxpqEBQ==",
      "peer": true
    },
    "node_modules/lodash.isequal": {
      "version": "4.5.0",
      "resolved": "https://registry.npmjs.org/lodash.isequal/-/lodash.isequal-4.5.0.tgz",
      "integrity": "sha512-pDo3lu8Jhfjqls6GkMgpahsF9kCyayhgykjyLMNFTKWrpVdAQtYyB4muAMWozBB4ig/dtWAmsMxLEI8wuz+DYQ==",
      "peer": true
    },
    "node_modules/phoenix": {
      "version": "1.6.14",
      "resolved": "https://registry.npmjs.org/phoenix/-/phoenix-1.6.14.tgz",
      "integrity": "sha512-0Xu8AJwcDgv2n+QvOlmHsYzrFHUEm5XDxyH0uLCDCgRfALfaq3hRN39GAtgYTPBwofSgF8JRRlaCKGAgjUuwmA=="
    },
    "node_modules/phx-live-state": {
      "version": "0.8.0",
      "resolved": "https://registry.npmjs.org/phx-live-state/-/phx-live-state-0.8.0.tgz",
      "integrity": "sha512-tHykKkJg6f36ClMjqgQ5QCQ4UtnT8w88nrtqGMvJHlbqbg8p80zHmZiA5IAoYH54toPbq5YPP/+Amm+/ZzGsMQ==",
      "dependencies": {
        "json-joy": "^1.18.1",
        "lit": "^2.2.6",
        "phoenix": "1.6.14",
        "reflect-metadata": "^0.1.13",
        "wc-context": "github:launchscout/wc-context"
      }
    },
    "node_modules/quill-delta": {
      "version": "5.0.0",
      "resolved": "https://registry.npmjs.org/quill-delta/-/quill-delta-5.0.0.tgz",
      "integrity": "sha512-lVORU8dBPJdxPmwtdGhfRcz2cekn8Osuj5kwHoPMQ3MNlDT/IZ0CGUnQ/tLsAaTn31LWcDC1KyL+gkiGbBlBBw==",
      "peer": true,
      "dependencies": {
        "fast-diff": "1.2.0",
        "lodash.clonedeep": "^4.5.0",
        "lodash.isequal": "^4.5.0"
      },
      "engines": {
        "node": ">= 12.0.0"
      }
    },
    "node_modules/react": {
      "resolved": "../testbed/assets/node_modules/react",
      "link": true
    },
    "node_modules/reflect-metadata": {
      "version": "0.1.13",
      "resolved": "https://registry.npmjs.org/reflect-metadata/-/reflect-metadata-0.1.13.tgz",
      "integrity": "sha512-Ts1Y/anZELhSsjMcU605fU9RE4Oi3p5ORujwbIKXfWa+0Zxs510Qrmrce5/Jowq3cHSZSJqBjypxmHarc+vEWg=="
    },
    "node_modules/rxjs": {
      "version": "7.5.7",
      "resolved": "https://registry.npmjs.org/rxjs/-/rxjs-7.5.7.tgz",
      "integrity": "sha512-z9MzKh/UcOqB3i20H6rtrlaE/CgjLOvheWK/9ILrbhROGTweAi1BaFsTT9FbwZi5Trr1qNRs+MXkhmR06awzQA==",
      "peer": true,
      "dependencies": {
        "tslib": "^2.1.0"
      }
    },
    "node_modules/tslib": {
      "version": "2.4.1",
      "resolved": "https://registry.npmjs.org/tslib/-/tslib-2.4.1.tgz",
      "integrity": "sha512-tGyy4dAjRIEwI7BzsB0lynWgOpfqjUdq91XXAlIWD2OwKBH7oCl/GZG/HT4BOHrTlPMOASlMQ7veyTqpmRcrNA==",
      "peer": true
    },
    "node_modules/typescript": {
      "version": "4.8.4",
      "resolved": "https://registry.npmjs.org/typescript/-/typescript-4.8.4.tgz",
      "integrity": "sha512-QCh+85mCy+h0IGff8r5XWzOVSbBO+KfeYrMQh7NJ58QujwcE22u+NUSmUxqF+un70P9GXKxa2HCNiTTMJknyjQ==",
      "dev": true,
      "bin": {
        "tsc": "bin/tsc",
        "tsserver": "bin/tsserver"
      },
      "engines": {
        "node": ">=4.2.0"
      }
    },
    "node_modules/wc-context": {
      "version": "0.11.0",
      "resolved": "git+ssh://git@github.com/launchscout/wc-context.git#ef9bb50d85f7e997295ef17fecd192f0bea61a9d",
      "license": "MIT"
    }
  },
  "dependencies": {
    "@lit/reactive-element": {
      "version": "1.4.2",
      "resolved": "https://registry.npmjs.org/@lit/reactive-element/-/reactive-element-1.4.2.tgz",
      "integrity": "sha512-VMOxsWh/QDwrxPsgkSQnuZ+8mfNy1OTjzzUdLBvvZtpahwPTHTeVZ51RZRqO4xfKVrR+btIPA8D01IL3xeG66w=="
    },
    "@types/trusted-types": {
      "version": "2.0.2",
      "resolved": "https://registry.npmjs.org/@types/trusted-types/-/trusted-types-2.0.2.tgz",
      "integrity": "sha512-F5DIZ36YVLE+PN+Zwws4kJogq47hNgX3Nx6WyDJ3kcplxyke3XIzB8uK5n/Lpm1HBsbGzd6nmGehL8cPekP+Tg=="
    },
    "arg": {
      "version": "5.0.2",
      "resolved": "https://registry.npmjs.org/arg/-/arg-5.0.2.tgz",
      "integrity": "sha512-PYjyFOLKQ9y57JvQ6QLo8dAgNqswh8M1RMJYdQduT6xbWSgK36P/Z/v+p888pM69jMMfS8Xd8F6I1kQ/I9HUGg=="
    },
    "fast-diff": {
      "version": "1.2.0",
      "resolved": "https://registry.npmjs.org/fast-diff/-/fast-diff-1.2.0.tgz",
      "integrity": "sha512-xJuoT5+L99XlZ8twedaRf6Ax2TgQVxvgZOYoPKqZufmJib0tL2tegPBOZb1pVNgIhlqDlA0eO0c3wBvQcmzx4w==",
      "peer": true
    },
    "hyperdyperid": {
      "version": "1.2.0",
      "resolved": "https://registry.npmjs.org/hyperdyperid/-/hyperdyperid-1.2.0.tgz",
      "integrity": "sha512-Y93lCzHYgGWdrJ66yIktxiaGULYc6oGiABxhcO5AufBeOyoIdZF7bIfLaOrbM0iGIOXQQgxxRrFEnb+Y6w1n4A=="
    },
    "json-joy": {
      "version": "1.18.1",
      "resolved": "https://registry.npmjs.org/json-joy/-/json-joy-1.18.1.tgz",
      "integrity": "sha512-j6M1VpnR/z5qAIc2DvBlxyOsE26Yzr7bedgrYFITW+O1U2DqJuACOPhrN86+hdq7hZ+Sah3pAvMzDiecwfrJ8w==",
      "requires": {
        "arg": "^5.0.2",
        "hyperdyperid": "^1.2.0"
      }
    },
    "lit": {
      "version": "2.4.1",
      "resolved": "https://registry.npmjs.org/lit/-/lit-2.4.1.tgz",
      "integrity": "sha512-qohSgLiyN1cFnJG26dIiY03S4F49857A0AHQfnS0zYtnUVnD2MFvx+UT52rtXsIuNFQrnUupX+zyGSATlk1f/A==",
      "requires": {
        "@lit/reactive-element": "^1.4.0",
        "lit-element": "^3.2.0",
        "lit-html": "^2.4.0"
      }
    },
    "lit-element": {
      "version": "3.2.2",
      "resolved": "https://registry.npmjs.org/lit-element/-/lit-element-3.2.2.tgz",
      "integrity": "sha512-6ZgxBR9KNroqKb6+htkyBwD90XGRiqKDHVrW/Eh0EZ+l+iC+u+v+w3/BA5NGi4nizAVHGYvQBHUDuSmLjPp7NQ==",
      "requires": {
        "@lit/reactive-element": "^1.3.0",
        "lit-html": "^2.2.0"
      }
    },
    "lit-html": {
      "version": "2.4.0",
      "resolved": "https://registry.npmjs.org/lit-html/-/lit-html-2.4.0.tgz",
      "integrity": "sha512-G6qXu4JNUpY6aaF2VMfaszhO9hlWw0hOTRFDmuMheg/nDYGB+2RztUSOyrzALAbr8Nh0Y7qjhYkReh3rPnplVg==",
      "requires": {
        "@types/trusted-types": "^2.0.2"
      }
    },
    "lodash.clonedeep": {
      "version": "4.5.0",
      "resolved": "https://registry.npmjs.org/lodash.clonedeep/-/lodash.clonedeep-4.5.0.tgz",
      "integrity": "sha512-H5ZhCF25riFd9uB5UCkVKo61m3S/xZk1x4wA6yp/L3RFP6Z/eHH1ymQcGLo7J3GMPfm0V/7m1tryHuGVxpqEBQ==",
      "peer": true
    },
    "lodash.isequal": {
      "version": "4.5.0",
      "resolved": "https://registry.npmjs.org/lodash.isequal/-/lodash.isequal-4.5.0.tgz",
      "integrity": "sha512-pDo3lu8Jhfjqls6GkMgpahsF9kCyayhgykjyLMNFTKWrpVdAQtYyB4muAMWozBB4ig/dtWAmsMxLEI8wuz+DYQ==",
      "peer": true
    },
    "phoenix": {
      "version": "1.6.14",
      "resolved": "https://registry.npmjs.org/phoenix/-/phoenix-1.6.14.tgz",
      "integrity": "sha512-0Xu8AJwcDgv2n+QvOlmHsYzrFHUEm5XDxyH0uLCDCgRfALfaq3hRN39GAtgYTPBwofSgF8JRRlaCKGAgjUuwmA=="
    },
    "phx-live-state": {
      "version": "0.8.0",
      "resolved": "https://registry.npmjs.org/phx-live-state/-/phx-live-state-0.8.0.tgz",
      "integrity": "sha512-tHykKkJg6f36ClMjqgQ5QCQ4UtnT8w88nrtqGMvJHlbqbg8p80zHmZiA5IAoYH54toPbq5YPP/+Amm+/ZzGsMQ==",
      "requires": {
        "json-joy": "^1.18.1",
        "lit": "^2.2.6",
        "phoenix": "1.6.14",
        "reflect-metadata": "^0.1.13",
        "wc-context": "github:launchscout/wc-context"
      }
    },
    "quill-delta": {
      "version": "5.0.0",
      "resolved": "https://registry.npmjs.org/quill-delta/-/quill-delta-5.0.0.tgz",
      "integrity": "sha512-lVORU8dBPJdxPmwtdGhfRcz2cekn8Osuj5kwHoPMQ3MNlDT/IZ0CGUnQ/tLsAaTn31LWcDC1KyL+gkiGbBlBBw==",
      "peer": true,
      "requires": {
        "fast-diff": "1.2.0",
        "lodash.clonedeep": "^4.5.0",
        "lodash.isequal": "^4.5.0"
      }
    },
    "react": {
      "version": "file:../testbed/assets/node_modules/react",
      "requires": {
        "loose-envify": "^1.1.0"
      }
    },
    "reflect-metadata": {
      "version": "0.1.13",
      "resolved": "https://registry.npmjs.org/reflect-metadata/-/reflect-metadata-0.1.13.tgz",
      "integrity": "sha512-Ts1Y/anZELhSsjMcU605fU9RE4Oi3p5ORujwbIKXfWa+0Zxs510Qrmrce5/Jowq3cHSZSJqBjypxmHarc+vEWg=="
    },
    "rxjs": {
      "version": "7.5.7",
      "resolved": "https://registry.npmjs.org/rxjs/-/rxjs-7.5.7.tgz",
      "integrity": "sha512-z9MzKh/UcOqB3i20H6rtrlaE/CgjLOvheWK/9ILrbhROGTweAi1BaFsTT9FbwZi5Trr1qNRs+MXkhmR06awzQA==",
      "peer": true,
      "requires": {
        "tslib": "^2.1.0"
      }
    },
    "tslib": {
      "version": "2.4.1",
      "resolved": "https://registry.npmjs.org/tslib/-/tslib-2.4.1.tgz",
      "integrity": "sha512-tGyy4dAjRIEwI7BzsB0lynWgOpfqjUdq91XXAlIWD2OwKBH7oCl/GZG/HT4BOHrTlPMOASlMQ7veyTqpmRcrNA==",
      "peer": true
    },
    "typescript": {
      "version": "4.8.4",
      "resolved": "https://registry.npmjs.org/typescript/-/typescript-4.8.4.tgz",
      "integrity": "sha512-QCh+85mCy+h0IGff8r5XWzOVSbBO+KfeYrMQh7NJ58QujwcE22u+NUSmUxqF+un70P9GXKxa2HCNiTTMJknyjQ==",
      "dev": true
    },
    "wc-context": {
      "version": "git+ssh://git@github.com/launchscout/wc-context.git#ef9bb50d85f7e997295ef17fecd192f0bea61a9d",
      "from": "wc-context@github:launchscout/wc-context"
    }
  }
}
